{
  "originHash" : "6b700d656a9467e1b1c7a8728e9567d912ebf702943807c297397498a5527fef",
  "pins" : [
    {
      "identity" : "markdownui",
      "kind" : "remoteSourceControl",
      "location" : "https://github.com/gonzalezreal/MarkdownUI.git",
      "state" : {
        "revision" : "ae799d015a5374708f7b4c85f3294c05f2a564e2",
        "version" : "2.3.0"
      }
    },
    {
      "identity" : "networkimage",
      "kind" : "remoteSourceControl",
      "location" : "https://github.com/gonzalezreal/NetworkImage",
      "state" : {
        "revision" : "7aff8d1b31148d32c5933d75557d42f6323ee3d1",
        "version" : "6.0.0"
      }
    }
  ],
  "version" : 3
}
